{
  "version": 4,
  "terraform_version": "1.2.9",
  "serial": 1718,
  "lineage": "bc161195-7774-1177-82ad-f56001af2e91",
  "outputs": {},
  "resources": [
    {
      "mode": "managed",
      "type": "random_string",
      "name": "suffix",
      "provider": "provider[\"registry.terraform.io/hashicorp/random\"]",
      "instances": [
        {
          "schema_version": 1,
          "attributes": {
            "id": "MLrl",
            "keepers": null,
            "length": 4,
            "lower": true,
            "min_lower": 0,
            "min_numeric": 0,
            "min_special": 0,
            "min_upper": 0,
            "number": true,
            "override_special": null,
            "result": "MLrl",
            "special": false,
            "upper": true
          },
          "sensitive_attributes": [],
          "private": "eyJzY2hlbWFfdmVyc2lvbiI6IjEifQ=="
        }
      ]
    },
    {
      "module": "module.acm",
      "mode": "managed",
      "type": "aws_acm_certificate",
      "name": "web_cert",
      "provider": "provider[\"registry.terraform.io/hashicorp/aws\"]",
      "instances": [
        {
          "schema_version": 0,
          "attributes": {
            "arn": "arn:aws:acm:eu-west-1:884878220922:certificate/6b6cdb1d-1f2b-4a6c-b629-36c59c54daea",
            "certificate_authority_arn": "",
            "certificate_body": null,
            "certificate_chain": null,
            "domain_name": "swapapp.net",
            "domain_validation_options": [
              {
                "domain_name": "swapapp.net",
                "resource_record_name": "_0305b827ea25a4f9e8b611f33a3ab072.swapapp.net.",
                "resource_record_type": "CNAME",
                "resource_record_value": "_10bbebb8018a68ce4e2d6340409b2b45.sdgjtdhdhz.acm-validations.aws."
              }
            ],
            "id": "arn:aws:acm:eu-west-1:884878220922:certificate/6b6cdb1d-1f2b-4a6c-b629-36c59c54daea",
            "options": [
              {
                "certificate_transparency_logging_preference": "ENABLED"
              }
            ],
            "private_key": null,
            "status": "ISSUED",
            "subject_alternative_names": [
              "swapapp.net"
            ],
            "tags": {
              "Name": "EBS Lab ACM Certificate"
            },
            "tags_all": {
              "Name": "EBS Lab ACM Certificate"
            },
            "validation_emails": [],
            "validation_method": "DNS",
            "validation_option": []
          },
          "sensitive_attributes": [],
          "private": "bnVsbA==",
          "create_before_destroy": true
        }
      ]
    },
    {
      "module": "module.acm",
      "mode": "managed",
      "type": "aws_acm_certificate_validation",
      "name": "cert_validation",
      "provider": "provider[\"registry.terraform.io/hashicorp/aws\"]",
      "instances": [
        {
          "schema_version": 0,
          "attributes": {
            "certificate_arn": "arn:aws:acm:eu-west-1:884878220922:certificate/6b6cdb1d-1f2b-4a6c-b629-36c59c54daea",
            "id": "0001-01-01 00:00:00 +0000 UTC",
            "timeouts": null,
            "validation_record_fqdns": [
              "_0305b827ea25a4f9e8b611f33a3ab072.swapapp.net"
            ]
          },
          "sensitive_attributes": [],
          "private": "eyJlMmJmYjczMC1lY2FhLTExZTYtOGY4OC0zNDM2M2JjN2M0YzAiOnsiY3JlYXRlIjo0NTAwMDAwMDAwMDAwfX0=",
          "dependencies": [
            "module.acm.aws_acm_certificate.web_cert",
            "module.acm.aws_route53_record.cert_validation",
            "module.route53_zone.aws_route53_zone.ebs-lab"
          ]
        }
      ]
    },
    {
      "module": "module.acm",
      "mode": "managed",
      "type": "aws_route53_record",
      "name": "cert_validation",
      "provider": "provider[\"registry.terraform.io/hashicorp/aws\"]",
      "instances": [
        {
          "index_key": "swapapp.net",
          "schema_version": 2,
          "attributes": {
            "alias": [],
            "allow_overwrite": null,
            "failover_routing_policy": [],
            "fqdn": "_0305b827ea25a4f9e8b611f33a3ab072.swapapp.net",
            "geolocation_routing_policy": [],
            "health_check_id": "",
            "id": "Z02777072VJ1ICVGPL97K__0305b827ea25a4f9e8b611f33a3ab072.swapapp.net._CNAME",
            "latency_routing_policy": [],
            "multivalue_answer_routing_policy": null,
            "name": "_0305b827ea25a4f9e8b611f33a3ab072.swapapp.net",
            "records": [
              "_10bbebb8018a68ce4e2d6340409b2b45.sdgjtdhdhz.acm-validations.aws."
            ],
            "set_identifier": "",
            "ttl": 60,
            "type": "CNAME",
            "weighted_routing_policy": [],
            "zone_id": "Z02777072VJ1ICVGPL97K"
          },
          "sensitive_attributes": [],
          "private": "eyJzY2hlbWFfdmVyc2lvbiI6IjIifQ==",
          "dependencies": [
            "module.acm.aws_acm_certificate.web_cert",
            "module.route53_zone.aws_route53_zone.ebs-lab"
          ]
        }
      ]
    },
    {
      "module": "module.beanstalk",
      "mode": "data",
      "type": "aws_lb",
      "name": "front_end",
      "provider": "provider[\"registry.terraform.io/hashicorp/aws\"]",
      "instances": [
        {
          "schema_version": 0,
          "attributes": {
            "access_logs": [
              {
                "bucket": "",
                "enabled": false,
                "prefix": ""
              }
            ],
            "arn": "arn:aws:elasticloadbalancing:eu-west-1:884878220922:loadbalancer/app/awseb--AWSEB-WtQti38tAYOo/91fe1a67612ac824",
            "arn_suffix": "app/awseb--AWSEB-WtQti38tAYOo/91fe1a67612ac824",
            "customer_owned_ipv4_pool": "",
            "desync_mitigation_mode": "defensive",
            "dns_name": "awseb--AWSEB-WtQti38tAYOo-465477762.eu-west-1.elb.amazonaws.com",
            "drop_invalid_header_fields": false,
            "enable_deletion_protection": false,
            "enable_http2": true,
            "enable_waf_fail_open": false,
            "id": "arn:aws:elasticloadbalancing:eu-west-1:884878220922:loadbalancer/app/awseb--AWSEB-WtQti38tAYOo/91fe1a67612ac824",
            "idle_timeout": 60,
            "internal": false,
            "ip_address_type": "ipv4",
            "load_balancer_type": "application",
            "name": "awseb--AWSEB-WtQti38tAYOo",
            "security_groups": [
              "sg-001d50bfb6a537bb9",
              "sg-0fa3c502f13073456"
            ],
            "subnet_mapping": [
              {
                "allocation_id": "",
                "ipv6_address": "",
                "outpost_id": "",
                "private_ipv4_address": "",
                "subnet_id": "subnet-0429f4d50cc765c91"
              },
              {
                "allocation_id": "",
                "ipv6_address": "",
                "outpost_id": "",
                "private_ipv4_address": "",
                "subnet_id": "subnet-0930b1701133f4b16"
              }
            ],
            "subnets": [
              "subnet-0429f4d50cc765c91",
              "subnet-0930b1701133f4b16"
            ],
            "tags": {
              "Name": "swapapp-web-dev",
              "elasticbeanstalk:environment-id": "e-qki2spp45k",
              "elasticbeanstalk:environment-name": "swapapp-web-dev",
              "environment-name": "swapapp-web-dev"
            },
            "vpc_id": "vpc-00d78929453c49763",
            "zone_id": "Z32O12XQLNTSW2"
          },
          "sensitive_attributes": []
        }
      ]
    },
    {
      "module": "module.beanstalk",
      "mode": "managed",
      "type": "aws_elastic_beanstalk_application",
      "name": "ebslab_app",
      "provider": "provider[\"registry.terraform.io/hashicorp/aws\"]",
      "instances": [
        {
          "schema_version": 0,
          "attributes": {
            "appversion_lifecycle": [],
            "arn": "arn:aws:elasticbeanstalk:eu-west-1:884878220922:application/swapapp-web",
            "description": "Python Web App Application using Django Framework",
            "id": "swapapp-web",
            "name": "swapapp-web",
            "tags": {
              "environment-name": "swapapp-web-dev"
            },
            "tags_all": {
              "environment-name": "swapapp-web-dev"
            }
          },
          "sensitive_attributes": [],
          "private": "bnVsbA=="
        }
      ]
    },
    {
      "module": "module.beanstalk",
      "mode": "managed",
      "type": "aws_elastic_beanstalk_application_version",
      "name": "app_version",
      "provider": "provider[\"registry.terraform.io/hashicorp/aws\"]",
      "instances": [
        {
          "schema_version": 0,
          "attributes": {
            "application": "swapapp-web",
            "arn": "arn:aws:elasticbeanstalk:eu-west-1:884878220922:applicationversion/swapapp-web/swapapp-web-dev-v1.79.5",
            "bucket": "swapapp-web-bucket",
            "description": "",
            "force_delete": false,
            "id": "swapapp-web-dev-v1.79.5",
            "key": "beanstalk/swapapp-v1.79.5.zip",
            "name": "swapapp-web-dev-v1.79.5",
            "tags": {},
            "tags_all": {}
          },
          "sensitive_attributes": [],
          "private": "bnVsbA==",
          "dependencies": [
            "module.beanstalk.aws_elastic_beanstalk_application.ebslab_app",
            "module.beanstalk.aws_s3_bucket.dockerrun_bucket",
            "module.beanstalk.aws_s3_object.application_zip"
          ]
        }
      ]
    },
    {
      "module": "module.beanstalk",
      "mode": "managed",
      "type": "aws_elastic_beanstalk_environment",
      "name": "ebslab_env",
      "provider": "provider[\"registry.terraform.io/hashicorp/aws\"]",
      "instances": [
        {
          "schema_version": 1,
          "attributes": {
            "all_settings": [
              {
                "name": "AccessLogsS3Bucket",
                "namespace": "aws:elbv2:loadbalancer",
                "resource": "",
                "value": ""
              },
              {
                "name": "AccessLogsS3Enabled",
                "namespace": "aws:elbv2:loadbalancer",
                "resource": "",
                "value": "false"
              },
              {
                "name": "AccessLogsS3Prefix",
                "namespace": "aws:elbv2:loadbalancer",
                "resource": "",
                "value": ""
              },
              {
                "name": "AppSource",
                "namespace": "aws:cloudformation:template:parameter",
                "resource": "",
                "value": "https://elasticbeanstalk-platform-assets-eu-west-1.s3.eu-west-1.amazonaws.com/stalks/eb_docker_amazon_linux_2023_1.0.611.0_20240513193348/sampleapp/EBSampleApp-Docker.zip"
              },
              {
                "name": "Application Healthcheck URL",
                "namespace": "aws:elasticbeanstalk:application",
                "resource": "",
                "value": ""
              },
              {
                "name": "AssociatePublicIpAddress",
                "namespace": "aws:ec2:vpc",
                "resource": "",
                "value": "false"
              },
              {
                "name": "Automatically Terminate Unhealthy Instances",
                "namespace": "aws:elasticbeanstalk:monitoring",
                "resource": "",
                "value": "true"
              },
              {
                "name": "Availability Zones",
                "namespace": "aws:autoscaling:asg",
                "resource": "",
                "value": "Any"
              },
              {
                "name": "BatchSize",
                "namespace": "aws:elasticbeanstalk:command",
                "resource": "",
                "value": "100"
              },
              {
                "name": "BatchSizeType",
                "namespace": "aws:elasticbeanstalk:command",
                "resource": "",
                "value": "Percentage"
              },
              {
                "name": "BlockDeviceMappings",
                "namespace": "aws:autoscaling:launchconfiguration",
                "resource": "",
                "value": ""
              },
              {
                "name": "BreachDuration",
                "namespace": "aws:autoscaling:trigger",
                "resource": "",
                "value": "5"
              },
              {
                "name": "ConfigDocument",
                "namespace": "aws:elasticbeanstalk:healthreporting:system",
                "resource": "",
                "value": "{\"Version\":1,\"CloudWatchMetrics\":{\"Instance\":{\"CPUIrq\":null,\"LoadAverage5min\":null,\"ApplicationRequests5xx\":null,\"ApplicationRequests4xx\":null,\"CPUUser\":null,\"LoadAverage1min\":null,\"ApplicationLatencyP50\":null,\"CPUIdle\":null,\"InstanceHealth\":null,\"ApplicationLatencyP95\":null,\"ApplicationLatencyP85\":null,\"RootFilesystemUtil\":null,\"ApplicationLatencyP90\":null,\"CPUSystem\":null,\"ApplicationLatencyP75\":null,\"CPUSoftirq\":null,\"ApplicationLatencyP10\":null,\"ApplicationLatencyP99\":null,\"ApplicationRequestsTotal\":null,\"ApplicationLatencyP99.9\":null,\"ApplicationRequests3xx\":null,\"ApplicationRequests2xx\":null,\"CPUIowait\":null,\"CPUNice\":null},\"Environment\":{\"InstancesSevere\":null,\"InstancesDegraded\":null,\"ApplicationRequests5xx\":null,\"ApplicationRequests4xx\":null,\"ApplicationLatencyP50\":null,\"ApplicationLatencyP95\":null,\"ApplicationLatencyP85\":null,\"InstancesUnknown\":null,\"ApplicationLatencyP90\":null,\"InstancesInfo\":null,\"InstancesPending\":null,\"ApplicationLatencyP75\":null,\"ApplicationLatencyP10\":null,\"ApplicationLatencyP99\":null,\"ApplicationRequestsTotal\":null,\"InstancesNoData\":null,\"ApplicationLatencyP99.9\":null,\"ApplicationRequests3xx\":null,\"ApplicationRequests2xx\":null,\"InstancesOk\":null,\"InstancesWarning\":null}}}"
              },
              {
                "name": "Cooldown",
                "namespace": "aws:autoscaling:asg",
                "resource": "",
                "value": "360"
              },
              {
                "name": "Custom Availability Zones",
                "namespace": "aws:autoscaling:asg",
                "resource": "",
                "value": ""
              },
              {
                "name": "DefaultProcess",
                "namespace": "aws:elbv2:listener:443",
                "resource": "",
                "value": "default"
              },
              {
                "name": "DefaultProcess",
                "namespace": "aws:elbv2:listener:default",
                "resource": "",
                "value": "default"
              },
              {
                "name": "DefaultSSHPort",
                "namespace": "aws:elasticbeanstalk:control",
                "resource": "",
                "value": "22"
              },
              {
                "name": "DeleteOnTerminate",
                "namespace": "aws:elasticbeanstalk:cloudwatch:logs",
                "resource": "",
                "value": "false"
              },
              {
                "name": "DeleteOnTerminate",
                "namespace": "aws:elasticbeanstalk:cloudwatch:logs:health",
                "resource": "",
                "value": "false"
              },
              {
                "name": "DeploymentPolicy",
                "namespace": "aws:elasticbeanstalk:command",
                "resource": "",
                "value": "AllAtOnce"
              },
              {
                "name": "DeregistrationDelay",
                "namespace": "aws:elasticbeanstalk:environment:process:default",
                "resource": "",
                "value": "20"
              },
              {
                "name": "DisableIMDSv1",
                "namespace": "aws:autoscaling:launchconfiguration",
                "resource": "",
                "value": "true"
              },
              {
                "name": "EC2KeyName",
                "namespace": "aws:autoscaling:launchconfiguration",
                "resource": "",
                "value": ""
              },
              {
                "name": "ELBScheme",
                "namespace": "aws:ec2:vpc",
                "resource": "",
                "value": "public"
              },
              {
                "name": "ELBSubnets",
                "namespace": "aws:ec2:vpc",
                "resource": "",
                "value": "subnet-0429f4d50cc765c91,subnet-0930b1701133f4b16"
              },
              {
                "name": "EnableCapacityRebalancing",
                "namespace": "aws:autoscaling:asg",
                "resource": "",
                "value": "false"
              },
              {
                "name": "EnableSpot",
                "namespace": "aws:ec2:instances",
                "resource": "",
                "value": "false"
              },
              {
                "name": "EnhancedHealthAuthEnabled",
                "namespace": "aws:elasticbeanstalk:healthreporting:system",
                "resource": "",
                "value": "true"
              },
              {
                "name": "EnvironmentType",
                "namespace": "aws:elasticbeanstalk:environment",
                "resource": "",
                "value": "LoadBalanced"
              },
              {
                "name": "EnvironmentVariables",
                "namespace": "aws:cloudformation:template:parameter",
                "resource": "",
                "value": ""
              },
              {
                "name": "EvaluationPeriods",
                "namespace": "aws:autoscaling:trigger",
                "resource": "",
                "value": "1"
              },
              {
                "name": "EvaluationTime",
                "namespace": "aws:elasticbeanstalk:trafficsplitting",
                "resource": "",
                "value": ""
              },
              {
                "name": "ExternalExtensionsS3Bucket",
                "namespace": "aws:elasticbeanstalk:environment",
                "resource": "",
                "value": ""
              },
              {
                "name": "ExternalExtensionsS3Key",
                "namespace": "aws:elasticbeanstalk:environment",
                "resource": "",
                "value": ""
              },
              {
                "name": "HasCoupledDatabase",
                "namespace": "aws:rds:dbinstance",
                "resource": "",
                "value": "false"
              },
              {
                "name": "HealthCheckInterval",
                "namespace": "aws:elasticbeanstalk:environment:process:default",
                "resource": "",
                "value": "15"
              },
              {
                "name": "HealthCheckPath",
                "namespace": "aws:elasticbeanstalk:environment:process:default",
                "resource": "",
                "value": "/"
              },
              {
                "name": "HealthCheckSuccessThreshold",
                "namespace": "aws:elasticbeanstalk:healthreporting:system",
                "resource": "",
                "value": "Ok"
              },
              {
                "name": "HealthCheckTimeout",
                "namespace": "aws:elasticbeanstalk:environment:process:default",
                "resource": "",
                "value": "5"
              },
              {
                "name": "HealthStreamingEnabled",
                "namespace": "aws:elasticbeanstalk:cloudwatch:logs:health",
                "resource": "",
                "value": "false"
              },
              {
                "name": "HealthyThresholdCount",
                "namespace": "aws:elasticbeanstalk:environment:process:default",
                "resource": "",
                "value": "3"
              },
              {
                "name": "HooksPkgUrl",
                "namespace": "aws:cloudformation:template:parameter",
                "resource": "",
                "value": "https://elasticbeanstalk-platform-assets-eu-west-1.s3.eu-west-1.amazonaws.com/stalks/eb_docker_amazon_linux_2023_1.0.611.0_20240513193348/lib/hooks.tar.gz"
              },
              {
                "name": "IamInstanceProfile",
                "namespace": "aws:autoscaling:launchconfiguration",
                "resource": "",
                "value": "aws-elasticbeanstalk-ec2-instance-profile"
              },
              {
                "name": "IdleTimeout",
                "namespace": "aws:elbv2:loadbalancer",
                "resource": "",
                "value": ""
              },
              {
                "name": "IgnoreHealthCheck",
                "namespace": "aws:elasticbeanstalk:command",
                "resource": "",
                "value": "false"
              },
              {
                "name": "ImageId",
                "namespace": "aws:autoscaling:launchconfiguration",
                "resource": "",
                "value": "ami-08a2677e4601ac94a"
              },
              {
                "name": "InstancePort",
                "namespace": "aws:cloudformation:template:parameter",
                "resource": "",
                "value": "80"
              },
              {
                "name": "InstanceRefreshEnabled",
                "namespace": "aws:elasticbeanstalk:managedactions:platformupdate",
                "resource": "",
                "value": "false"
              },
              {
                "name": "InstanceType",
                "namespace": "aws:autoscaling:launchconfiguration",
                "resource": "",
                "value": "t3.small"
              },
              {
                "name": "InstanceTypeFamily",
                "namespace": "aws:cloudformation:template:parameter",
                "resource": "",
                "value": "t3"
              },
              {
                "name": "InstanceTypes",
                "namespace": "aws:ec2:instances",
                "resource": "",
                "value": "t3.small"
              },
              {
                "name": "LaunchTemplateTagPropagationEnabled",
                "namespace": "aws:autoscaling:launchconfiguration",
                "resource": "",
                "value": ""
              },
              {
                "name": "LaunchTimeout",
                "namespace": "aws:elasticbeanstalk:control",
                "resource": "",
                "value": "0"
              },
              {
                "name": "LaunchType",
                "namespace": "aws:elasticbeanstalk:control",
                "resource": "",
                "value": "Migration"
              },
              {
                "name": "ListenerEnabled",
                "namespace": "aws:elbv2:listener:443",
                "resource": "",
                "value": "true"
              },
              {
                "name": "ListenerEnabled",
                "namespace": "aws:elbv2:listener:default",
                "resource": "",
                "value": "true"
              },
              {
                "name": "LoadBalancerIsShared",
                "namespace": "aws:elasticbeanstalk:environment",
                "resource": "",
                "value": "false"
              },
              {
                "name": "LoadBalancerType",
                "namespace": "aws:elasticbeanstalk:environment",
                "resource": "",
                "value": "application"
              },
              {
                "name": "LogPublicationControl",
                "namespace": "aws:elasticbeanstalk:hostmanager",
                "resource": "",
                "value": "false"
              },
              {
                "name": "LowerBreachScaleIncrement",
                "namespace": "aws:autoscaling:trigger",
                "resource": "",
                "value": "-1"
              },
              {
                "name": "LowerThreshold",
                "namespace": "aws:autoscaling:trigger",
                "resource": "",
                "value": "2000000"
              },
              {
                "name": "ManagedActionsEnabled",
                "namespace": "aws:elasticbeanstalk:managedactions",
                "resource": "",
                "value": "false"
              },
              {
                "name": "MatcherHTTPCode",
                "namespace": "aws:elasticbeanstalk:environment:process:default",
                "resource": "",
                "value": ""
              },
              {
                "name": "MaxBatchSize",
                "namespace": "aws:autoscaling:updatepolicy:rollingupdate",
                "resource": "",
                "value": ""
              },
              {
                "name": "MaxSize",
                "namespace": "aws:autoscaling:asg",
                "resource": "",
                "value": "4"
              },
              {
                "name": "MeasureName",
                "namespace": "aws:autoscaling:trigger",
                "resource": "",
                "value": "NetworkOut"
              },
              {
                "name": "MinInstancesInService",
                "namespace": "aws:autoscaling:updatepolicy:rollingupdate",
                "resource": "",
                "value": ""
              },
              {
                "name": "MinSize",
                "namespace": "aws:autoscaling:asg",
                "resource": "",
                "value": "1"
              },
              {
                "name": "MonitoringInterval",
                "namespace": "aws:autoscaling:launchconfiguration",
                "resource": "",
                "value": "5 minute"
              },
              {
                "name": "NewVersionPercent",
                "namespace": "aws:elasticbeanstalk:trafficsplitting",
                "resource": "",
                "value": ""
              },
              {
                "name": "Notification Endpoint",
                "namespace": "aws:elasticbeanstalk:sns:topics",
                "resource": "",
                "value": ""
              },
              {
                "name": "Notification Protocol",
                "namespace": "aws:elasticbeanstalk:sns:topics",
                "resource": "",
                "value": "email"
              },
              {
                "name": "Notification Topic ARN",
                "namespace": "aws:elasticbeanstalk:sns:topics",
                "resource": "",
                "value": ""
              },
              {
                "name": "Notification Topic Name",
                "namespace": "aws:elasticbeanstalk:sns:topics",
                "resource": "",
                "value": ""
              },
              {
                "name": "PauseTime",
                "namespace": "aws:autoscaling:updatepolicy:rollingupdate",
                "resource": "",
                "value": ""
              },
              {
                "name": "Period",
                "namespace": "aws:autoscaling:trigger",
                "resource": "",
                "value": "5"
              },
              {
                "name": "Port",
                "namespace": "aws:elasticbeanstalk:environment:process:default",
                "resource": "",
                "value": "80"
              },
              {
                "name": "PreferredStartTime",
                "namespace": "aws:elasticbeanstalk:managedactions",
                "resource": "",
                "value": ""
              },
              {
                "name": "Protocol",
                "namespace": "aws:elasticbeanstalk:environment:process:default",
                "resource": "",
                "value": "HTTP"
              },
              {
                "name": "Protocol",
                "namespace": "aws:elbv2:listener:443",
                "resource": "",
                "value": "HTTPS"
              },
              {
                "name": "Protocol",
                "namespace": "aws:elbv2:listener:default",
                "resource": "",
                "value": "HTTP"
              },
              {
                "name": "ProxyServer",
                "namespace": "aws:elasticbeanstalk:environment:proxy",
                "resource": "",
                "value": "nginx"
              },
              {
                "name": "RetentionInDays",
                "namespace": "aws:elasticbeanstalk:cloudwatch:logs",
                "resource": "",
                "value": "7"
              },
              {
                "name": "RetentionInDays",
                "namespace": "aws:elasticbeanstalk:cloudwatch:logs:health",
                "resource": "",
                "value": "7"
              },
              {
                "name": "RollbackLaunchOnFailure",
                "namespace": "aws:elasticbeanstalk:control",
                "resource": "",
                "value": "false"
              },
              {
                "name": "RollingUpdateEnabled",
                "namespace": "aws:autoscaling:updatepolicy:rollingupdate",
                "resource": "",
                "value": "false"
              },
              {
                "name": "RollingUpdateType",
                "namespace": "aws:autoscaling:updatepolicy:rollingupdate",
                "resource": "",
                "value": "Time"
              },
              {
                "name": "RootVolumeIOPS",
                "namespace": "aws:autoscaling:launchconfiguration",
                "resource": "",
                "value": ""
              },
              {
                "name": "RootVolumeSize",
                "namespace": "aws:autoscaling:launchconfiguration",
                "resource": "",
                "value": ""
              },
              {
                "name": "RootVolumeThroughput",
                "namespace": "aws:autoscaling:launchconfiguration",
                "resource": "",
                "value": ""
              },
              {
                "name": "RootVolumeType",
                "namespace": "aws:autoscaling:launchconfiguration",
                "resource": "",
                "value": ""
              },
              {
                "name": "Rules",
                "namespace": "aws:elbv2:listener:443",
                "resource": "",
                "value": ""
              },
              {
                "name": "Rules",
                "namespace": "aws:elbv2:listener:default",
                "resource": "",
                "value": ""
              },
              {
                "name": "SSHSourceRestriction",
                "namespace": "aws:autoscaling:launchconfiguration",
                "resource": "",
                "value": "tcp,22,22,0.0.0.0/0"
              },
              {
                "name": "SSLCertificateArns",
                "namespace": "aws:elbv2:listener:443",
                "resource": "",
                "value": "arn:aws:acm:eu-west-1:884878220922:certificate/6b6cdb1d-1f2b-4a6c-b629-36c59c54daea"
              },
              {
                "name": "SSLCertificateArns",
                "namespace": "aws:elbv2:listener:default",
                "resource": "",
                "value": ""
              },
              {
                "name": "SSLPolicy",
                "namespace": "aws:elbv2:listener:443",
                "resource": "",
                "value": "ELBSecurityPolicy-2016-08"
              },
              {
                "name": "SSLPolicy",
                "namespace": "aws:elbv2:listener:default",
                "resource": "",
                "value": ""
              },
              {
                "name": "SecurityGroups",
                "namespace": "aws:autoscaling:launchconfiguration",
                "resource": "",
                "value": "sg-0fa3c502f13073456"
              },
              {
                "name": "SecurityGroups",
                "namespace": "aws:elbv2:loadbalancer",
                "resource": "",
                "value": "sg-0fa3c502f13073456"
              },
              {
                "name": "ServiceRole",
                "namespace": "aws:elasticbeanstalk:environment",
                "resource": "",
                "value": "arn:aws:iam::884878220922:role/swapapp-role"
              },
              {
                "name": "ServiceRoleForManagedUpdates",
                "namespace": "aws:elasticbeanstalk:managedactions",
                "resource": "",
                "value": "arn:aws:iam::884878220922:role/swapapp-role"
              },
              {
                "name": "SpotFleetOnDemandAboveBasePercentage",
                "namespace": "aws:ec2:instances",
                "resource": "",
                "value": "70"
              },
              {
                "name": "SpotFleetOnDemandBase",
                "namespace": "aws:ec2:instances",
                "resource": "",
                "value": "0"
              },
              {
                "name": "SpotMaxPrice",
                "namespace": "aws:ec2:instances",
                "resource": "",
                "value": ""
              },
              {
                "name": "Statistic",
                "namespace": "aws:autoscaling:trigger",
                "resource": "",
                "value": "Average"
              },
              {
                "name": "StickinessEnabled",
                "namespace": "aws:elasticbeanstalk:environment:process:default",
                "resource": "",
                "value": "false"
              },
              {
                "name": "StickinessLBCookieDuration",
                "namespace": "aws:elasticbeanstalk:environment:process:default",
                "resource": "",
                "value": "86400"
              },
              {
                "name": "StickinessType",
                "namespace": "aws:elasticbeanstalk:environment:process:default",
                "resource": "",
                "value": "lb_cookie"
              },
              {
                "name": "StreamLogs",
                "namespace": "aws:elasticbeanstalk:cloudwatch:logs",
                "resource": "",
                "value": "false"
              },
              {
                "name": "Subnets",
                "namespace": "aws:ec2:vpc",
                "resource": "",
                "value": "subnet-0429f4d50cc765c91,subnet-0930b1701133f4b16"
              },
              {
                "name": "SupportedArchitectures",
                "namespace": "aws:ec2:instances",
                "resource": "",
                "value": "x86_64"
              },
              {
                "name": "SystemType",
                "namespace": "aws:elasticbeanstalk:healthreporting:system",
                "resource": "",
                "value": "enhanced"
              },
              {
                "name": "Timeout",
                "namespace": "aws:autoscaling:updatepolicy:rollingupdate",
                "resource": "",
                "value": "PT30M"
              },
              {
                "name": "Timeout",
                "namespace": "aws:elasticbeanstalk:command",
                "resource": "",
                "value": "600"
              },
              {
                "name": "UnhealthyThresholdCount",
                "namespace": "aws:elasticbeanstalk:environment:process:default",
                "resource": "",
                "value": "5"
              },
              {
                "name": "Unit",
                "namespace": "aws:autoscaling:trigger",
                "resource": "",
                "value": "Bytes"
              },
              {
                "name": "UpdateLevel",
                "namespace": "aws:elasticbeanstalk:managedactions:platformupdate",
                "resource": "",
                "value": ""
              },
              {
                "name": "UpperBreachScaleIncrement",
                "namespace": "aws:autoscaling:trigger",
                "resource": "",
                "value": "1"
              },
              {
                "name": "UpperThreshold",
                "namespace": "aws:autoscaling:trigger",
                "resource": "",
                "value": "6000000"
              },
              {
                "name": "VPCId",
                "namespace": "aws:ec2:vpc",
                "resource": "",
                "value": "vpc-00d78929453c49763"
              },
              {
                "name": "XRayEnabled",
                "namespace": "aws:elasticbeanstalk:xray",
                "resource": "",
                "value": "false"
              }
            ],
            "application": "swapapp-web",
            "arn": "arn:aws:elasticbeanstalk:eu-west-1:884878220922:environment/swapapp-web/swapapp-web-dev",
            "autoscaling_groups": [
              "awseb-e-qki2spp45k-stack-AWSEBAutoScalingGroup-qmzbrwm1IqR8"
            ],
            "cname": "swapapp-web.eu-west-1.elasticbeanstalk.com",
            "cname_prefix": "swapapp-web",
            "description": "",
            "endpoint_url": "awseb--AWSEB-WtQti38tAYOo-465477762.eu-west-1.elb.amazonaws.com",
            "id": "e-qki2spp45k",
            "instances": [
              "i-08f290572a9807767"
            ],
            "launch_configurations": [
              "awseb-e-qki2spp45k-stack-AWSEBAutoScalingLaunchConfiguration-SxZDWuSyNw9G"
            ],
            "load_balancers": [
              "arn:aws:elasticloadbalancing:eu-west-1:884878220922:loadbalancer/app/awseb--AWSEB-WtQti38tAYOo/91fe1a67612ac824"
            ],
            "name": "swapapp-web-dev",
            "platform_arn": "arn:aws:elasticbeanstalk:eu-west-1::platform/Docker running on 64bit Amazon Linux 2023/4.3.2",
            "poll_interval": null,
            "queues": [],
            "setting": [
              {
                "name": "EnvironmentType",
                "namespace": "aws:elasticbeanstalk:environment",
                "resource": "",
                "value": "LoadBalanced"
              },
              {
                "name": "IamInstanceProfile",
                "namespace": "aws:autoscaling:launchconfiguration",
                "resource": "",
                "value": "aws-elasticbeanstalk-ec2-instance-profile"
              },
              {
                "name": "InstanceTypes",
                "namespace": "aws:ec2:instances",
                "resource": "",
                "value": "t3.small"
              },
              {
                "name": "ListenerEnabled",
                "namespace": "aws:elbv2:listener:443",
                "resource": "",
                "value": "true"
              },
              {
                "name": "LoadBalancerType",
                "namespace": "aws:elasticbeanstalk:environment",
                "resource": "",
                "value": "application"
              },
              {
                "name": "Protocol",
                "namespace": "aws:elbv2:listener:443",
                "resource": "",
                "value": "HTTPS"
              },
              {
                "name": "SSLCertificateArns",
                "namespace": "aws:elbv2:listener:443",
                "resource": "",
                "value": "arn:aws:acm:eu-west-1:884878220922:certificate/6b6cdb1d-1f2b-4a6c-b629-36c59c54daea"
              },
              {
                "name": "SSLPolicy",
                "namespace": "aws:elbv2:listener:443",
                "resource": "",
                "value": "ELBSecurityPolicy-2016-08"
              },
              {
                "name": "SecurityGroups",
                "namespace": "aws:autoscaling:launchconfiguration",
                "resource": "",
                "value": "sg-0fa3c502f13073456"
              },
              {
                "name": "SecurityGroups",
                "namespace": "aws:elbv2:loadbalancer",
                "resource": "",
                "value": "sg-0fa3c502f13073456"
              },
              {
                "name": "ServiceRole",
                "namespace": "aws:elasticbeanstalk:environment",
                "resource": "",
                "value": "arn:aws:iam::884878220922:role/swapapp-role"
              },
              {
                "name": "Subnets",
                "namespace": "aws:ec2:vpc",
                "resource": "",
                "value": "subnet-0429f4d50cc765c91,subnet-0930b1701133f4b16"
              },
              {
                "name": "VPCId",
                "namespace": "aws:ec2:vpc",
                "resource": "",
                "value": "vpc-00d78929453c49763"
              }
            ],
            "solution_stack_name": "64bit Amazon Linux 2023 v4.3.2 running Docker",
            "tags": {
              "environment-name": "swapapp-web-dev"
            },
            "tags_all": {
              "environment-name": "swapapp-web-dev"
            },
            "template_name": null,
            "tier": "WebServer",
            "triggers": [],
            "version_label": "swapapp-web-dev-v1.79.5",
            "wait_for_ready_timeout": "20m"
          },
          "sensitive_attributes": [],
          "private": "eyJzY2hlbWFfdmVyc2lvbiI6IjEifQ==",
          "dependencies": [
            "module.acm.aws_acm_certificate.web_cert",
            "module.beanstalk.aws_elastic_beanstalk_application.ebslab_app",
            "module.beanstalk.aws_elastic_beanstalk_application_version.app_version",
            "module.beanstalk.aws_iam_instance_profile.instance_profile",
            "module.beanstalk.aws_s3_bucket.dockerrun_bucket",
            "module.beanstalk.aws_s3_object.application_zip",
            "module.iam.aws_iam_role.ebslab_role",
            "module.vpc.aws_security_group.ebslab_security_group",
            "module.vpc.aws_subnet.public_ebslab_subnet",
            "module.vpc.aws_vpc.ebslab_vpc",
            "module.vpc.data.aws_availability_zones.available",
            "module.vpc.random_shuffle.az_list"
          ]
        }
      ]
    },
    {
      "module": "module.beanstalk",
      "mode": "managed",
      "type": "aws_iam_instance_profile",
      "name": "instance_profile",
      "provider": "provider[\"registry.terraform.io/hashicorp/aws\"]",
      "instances": [
        {
          "schema_version": 0,
          "attributes": {
            "arn": "arn:aws:iam::884878220922:instance-profile/aws-elasticbeanstalk-ec2-instance-profile",
            "create_date": "2024-05-27T15:41:24Z",
            "id": "aws-elasticbeanstalk-ec2-instance-profile",
            "name": "aws-elasticbeanstalk-ec2-instance-profile",
            "name_prefix": null,
            "path": "/",
            "role": "aws-elasticbeanstalk-ec2-role",
            "tags": {},
            "tags_all": {},
            "unique_id": "AIPA44BW2DZ5C2BW6OIOJ"
          },
          "sensitive_attributes": [],
          "private": "bnVsbA=="
        }
      ]
    },
    {
      "module": "module.beanstalk",
      "mode": "managed",
      "type": "aws_route53_record",
      "name": "front_end",
      "provider": "provider[\"registry.terraform.io/hashicorp/aws\"]",
      "instances": [
        {
          "schema_version": 2,
          "attributes": {
            "alias": [
              {
                "evaluate_target_health": true,
                "name": "awseb--awseb-wtqti38tayoo-465477762.eu-west-1.elb.amazonaws.com",
                "zone_id": "Z32O12XQLNTSW2"
              }
            ],
            "allow_overwrite": null,
            "failover_routing_policy": [],
            "fqdn": "swapapp.net",
            "geolocation_routing_policy": [],
            "health_check_id": "",
            "id": "Z02777072VJ1ICVGPL97K_swapapp.net_A",
            "latency_routing_policy": [],
            "multivalue_answer_routing_policy": null,
            "name": "swapapp.net",
            "records": [],
            "set_identifier": "",
            "ttl": 0,
            "type": "A",
            "weighted_routing_policy": [],
            "zone_id": "Z02777072VJ1ICVGPL97K"
          },
          "sensitive_attributes": [],
          "private": "eyJzY2hlbWFfdmVyc2lvbiI6IjIifQ==",
          "dependencies": [
            "module.acm.aws_acm_certificate.web_cert",
            "module.beanstalk.aws_elastic_beanstalk_application.ebslab_app",
            "module.beanstalk.aws_elastic_beanstalk_application_version.app_version",
            "module.beanstalk.aws_elastic_beanstalk_environment.ebslab_env",
            "module.beanstalk.aws_iam_instance_profile.instance_profile",
            "module.beanstalk.aws_s3_bucket.dockerrun_bucket",
            "module.beanstalk.aws_s3_object.application_zip",
            "module.beanstalk.data.aws_lb.front_end",
            "module.iam.aws_iam_role.ebslab_role",
            "module.route53_zone.aws_route53_zone.ebs-lab",
            "module.vpc.aws_security_group.ebslab_security_group",
            "module.vpc.aws_subnet.public_ebslab_subnet",
            "module.vpc.aws_vpc.ebslab_vpc",
            "module.vpc.data.aws_availability_zones.available",
            "module.vpc.random_shuffle.az_list"
          ]
        }
      ]
    },
    {
      "module": "module.beanstalk",
      "mode": "managed",
      "type": "aws_s3_bucket",
      "name": "dockerrun_bucket",
      "provider": "provider[\"registry.terraform.io/hashicorp/aws\"]",
      "instances": [
        {
          "schema_version": 0,
          "attributes": {
            "acceleration_status": "",
            "acl": null,
            "arn": "arn:aws:s3:::swapapp-web-bucket",
            "bucket": "swapapp-web-bucket",
            "bucket_domain_name": "swapapp-web-bucket.s3.amazonaws.com",
            "bucket_prefix": null,
            "bucket_regional_domain_name": "swapapp-web-bucket.s3.eu-west-1.amazonaws.com",
            "cors_rule": [],
            "force_destroy": false,
            "grant": [
              {
                "id": "e8f6279965f464eb6510170228211e3220f0dc753fd54fd93f0a385ec84e9477",
                "permissions": [
                  "FULL_CONTROL"
                ],
                "type": "CanonicalUser",
                "uri": ""
              }
            ],
            "hosted_zone_id": "Z1BKCTXD74EZPE",
            "id": "swapapp-web-bucket",
            "lifecycle_rule": [],
            "logging": [],
            "object_lock_configuration": [],
            "object_lock_enabled": false,
            "policy": "",
            "region": "eu-west-1",
            "replication_configuration": [],
            "request_payer": "BucketOwner",
            "server_side_encryption_configuration": [
              {
                "rule": [
                  {
                    "apply_server_side_encryption_by_default": [
                      {
                        "kms_master_key_id": "",
                        "sse_algorithm": "AES256"
                      }
                    ],
                    "bucket_key_enabled": false
                  }
                ]
              }
            ],
            "tags": {
              "elasticbeanstalk:environment-name": "swapapp-web-dev"
            },
            "tags_all": {
              "elasticbeanstalk:environment-name": "swapapp-web-dev"
            },
            "versioning": [
              {
                "enabled": false,
                "mfa_delete": false
              }
            ],
            "website": [],
            "website_domain": null,
            "website_endpoint": null
          },
          "sensitive_attributes": [],
          "private": "bnVsbA==",
          "dependencies": [
            "module.beanstalk.aws_elastic_beanstalk_application.ebslab_app"
          ]
        }
      ]
    },
    {
      "module": "module.beanstalk",
      "mode": "managed",
      "type": "aws_s3_object",
      "name": "application_zip",
      "provider": "provider[\"registry.terraform.io/hashicorp/aws\"]",
      "instances": [
        {
          "schema_version": 0,
          "attributes": {
            "acl": "private",
            "bucket": "swapapp-web-bucket",
            "bucket_key_enabled": false,
            "cache_control": "",
            "content": null,
            "content_base64": null,
            "content_disposition": "",
            "content_encoding": "",
            "content_language": "",
            "content_type": "binary/octet-stream",
            "etag": "0580927324880f99108b38ff1c0f665f",
            "force_destroy": false,
            "id": "beanstalk/swapapp-v1.79.5.zip",
            "key": "beanstalk/swapapp-v1.79.5.zip",
            "kms_key_id": null,
            "metadata": {},
            "object_lock_legal_hold_status": "",
            "object_lock_mode": "",
            "object_lock_retain_until_date": "",
            "server_side_encryption": "AES256",
            "source": "swapapp-v1.79.5.zip",
            "source_hash": null,
            "storage_class": "STANDARD",
            "tags": {},
            "tags_all": {},
            "version_id": "",
            "website_redirect": ""
          },
          "sensitive_attributes": [],
          "private": "bnVsbA==",
          "dependencies": [
            "module.beanstalk.aws_elastic_beanstalk_application.ebslab_app",
            "module.beanstalk.aws_s3_bucket.dockerrun_bucket"
          ]
        }
      ]
    },
    {
      "module": "module.beanstalk",
      "mode": "managed",
      "type": "null_resource",
      "name": "copy_ssh_key",
      "provider": "provider[\"registry.terraform.io/hashicorp/null\"]",
      "instances": [
        {
          "schema_version": 0,
          "attributes": {
            "id": "5831676867797710381",
            "triggers": null
          },
          "sensitive_attributes": [],
          "dependencies": [
            "module.beanstalk.null_resource.prepare_directories"
          ]
        }
      ]
    },
    {
      "module": "module.beanstalk",
      "mode": "managed",
      "type": "null_resource",
      "name": "prepare_directories",
      "provider": "provider[\"registry.terraform.io/hashicorp/null\"]",
      "instances": [
        {
          "schema_version": 0,
          "attributes": {
            "id": "2633618962802965946",
            "triggers": null
          },
          "sensitive_attributes": []
        }
      ]
    },
    {
      "module": "module.beanstalk",
      "mode": "managed",
      "type": "null_resource",
      "name": "zip_application",
      "provider": "provider[\"registry.terraform.io/hashicorp/null\"]",
      "instances": [
        {
          "schema_version": 0,
          "attributes": {
            "id": "1465299968907801267",
            "triggers": {
              "version": "v1.79.5"
            }
          },
          "sensitive_attributes": [],
          "dependencies": [
            "module.beanstalk.null_resource.copy_ssh_key",
            "module.beanstalk.null_resource.prepare_directories"
          ]
        }
      ]
    },
    {
      "module": "module.iam",
      "mode": "managed",
      "type": "aws_iam_policy",
      "name": "awseb_full_access",
      "provider": "provider[\"registry.terraform.io/hashicorp/aws\"]",
      "instances": [
        {
          "schema_version": 0,
          "attributes": {
            "arn": "arn:aws:iam::884878220922:policy/AWSElasticBeanstalkFullAccess",
            "description": "Provides full access to AWS Elastic Beanstalk",
            "id": "arn:aws:iam::884878220922:policy/AWSElasticBeanstalkFullAccess",
            "name": "AWSElasticBeanstalkFullAccess",
            "name_prefix": null,
            "path": "/",
            "policy": "{\"Statement\":[{\"Action\":\"elasticbeanstalk:*\",\"Effect\":\"Allow\",\"Resource\":\"*\"}],\"Version\":\"2012-10-17\"}",
            "policy_id": "ANPA44BW2DZ5M3O4UHCTL",
            "tags": {},
            "tags_all": {}
          },
          "sensitive_attributes": [],
          "private": "bnVsbA=="
        }
      ]
    },
    {
      "module": "module.iam",
      "mode": "managed",
      "type": "aws_iam_role",
      "name": "beanstalk_ec2_role",
      "provider": "provider[\"registry.terraform.io/hashicorp/aws\"]",
      "instances": [
        {
          "schema_version": 0,
          "attributes": {
            "arn": "arn:aws:iam::884878220922:role/aws-elasticbeanstalk-ec2-role",
            "assume_role_policy": "{\"Version\":\"2012-10-17\",\"Statement\":[{\"Effect\":\"Allow\",\"Principal\":{\"Service\":\"ec2.amazonaws.com\"},\"Action\":\"sts:AssumeRole\"}]}",
            "create_date": "2024-05-27T15:41:24Z",
            "description": "",
            "force_detach_policies": false,
            "id": "aws-elasticbeanstalk-ec2-role",
            "inline_policy": [
              {
                "name": "",
                "policy": ""
              }
            ],
            "managed_policy_arns": [
              "arn:aws:iam::aws:policy/AWSElasticBeanstalkMulticontainerDocker",
              "arn:aws:iam::aws:policy/AWSElasticBeanstalkWebTier",
              "arn:aws:iam::aws:policy/AWSElasticBeanstalkWorkerTier"
            ],
            "max_session_duration": 3600,
            "name": "aws-elasticbeanstalk-ec2-role",
            "name_prefix": "",
            "path": "/",
            "permissions_boundary": null,
            "tags": {},
            "tags_all": {},
            "unique_id": "AROA44BW2DZ5JXY7U5AN6"
          },
          "sensitive_attributes": [],
          "private": "bnVsbA=="
        }
      ]
    },
    {
      "module": "module.iam",
      "mode": "managed",
      "type": "aws_iam_role",
      "name": "ebslab_role",
      "provider": "provider[\"registry.terraform.io/hashicorp/aws\"]",
      "instances": [
        {
          "schema_version": 0,
          "attributes": {
            "arn": "arn:aws:iam::884878220922:role/swapapp-role",
            "assume_role_policy": "{\"Version\":\"2012-10-17\",\"Statement\":[{\"Effect\":\"Allow\",\"Principal\":{\"Service\":\"elasticbeanstalk.amazonaws.com\"},\"Action\":\"sts:AssumeRole\"},{\"Effect\":\"Allow\",\"Principal\":{\"Service\":\"ec2.amazonaws.com\"},\"Action\":\"sts:AssumeRole\"}]}",
            "create_date": "2024-05-27T15:41:24Z",
            "description": "",
            "force_detach_policies": false,
            "id": "swapapp-role",
            "inline_policy": [
              {
                "name": "",
                "policy": ""
              }
            ],
            "managed_policy_arns": [
              "arn:aws:iam::884878220922:policy/AWSElasticBeanstalkFullAccess",
              "arn:aws:iam::aws:policy/AmazonEC2FullAccess"
            ],
            "max_session_duration": 3600,
            "name": "swapapp-role",
            "name_prefix": "",
            "path": "/",
            "permissions_boundary": null,
            "tags": {},
            "tags_all": {},
            "unique_id": "AROA44BW2DZ5PBR3CALYU"
          },
          "sensitive_attributes": [],
          "private": "bnVsbA=="
        }
      ]
    },
    {
      "module": "module.iam",
      "mode": "managed",
      "type": "aws_iam_role_policy_attachment",
      "name": "beanstalk_multicontainer_docker",
      "provider": "provider[\"registry.terraform.io/hashicorp/aws\"]",
      "instances": [
        {
          "schema_version": 0,
          "attributes": {
            "id": "aws-elasticbeanstalk-ec2-role-20240527154125336100000006",
            "policy_arn": "arn:aws:iam::aws:policy/AWSElasticBeanstalkMulticontainerDocker",
            "role": "aws-elasticbeanstalk-ec2-role"
          },
          "sensitive_attributes": [],
          "private": "bnVsbA==",
          "dependencies": [
            "module.iam.aws_iam_role.beanstalk_ec2_role"
          ]
        }
      ]
    },
    {
      "module": "module.iam",
      "mode": "managed",
      "type": "aws_iam_role_policy_attachment",
      "name": "beanstalk_web_tier",
      "provider": "provider[\"registry.terraform.io/hashicorp/aws\"]",
      "instances": [
        {
          "schema_version": 0,
          "attributes": {
            "id": "aws-elasticbeanstalk-ec2-role-20240527154125327600000004",
            "policy_arn": "arn:aws:iam::aws:policy/AWSElasticBeanstalkWebTier",
            "role": "aws-elasticbeanstalk-ec2-role"
          },
          "sensitive_attributes": [],
          "private": "bnVsbA==",
          "dependencies": [
            "module.iam.aws_iam_role.beanstalk_ec2_role"
          ]
        }
      ]
    },
    {
      "module": "module.iam",
      "mode": "managed",
      "type": "aws_iam_role_policy_attachment",
      "name": "beanstalk_worker_tier",
      "provider": "provider[\"registry.terraform.io/hashicorp/aws\"]",
      "instances": [
        {
          "schema_version": 0,
          "attributes": {
            "id": "aws-elasticbeanstalk-ec2-role-20240527154125561200000007",
            "policy_arn": "arn:aws:iam::aws:policy/AWSElasticBeanstalkWorkerTier",
            "role": "aws-elasticbeanstalk-ec2-role"
          },
          "sensitive_attributes": [],
          "private": "bnVsbA==",
          "dependencies": [
            "module.iam.aws_iam_role.beanstalk_ec2_role"
          ]
        }
      ]
    },
    {
      "module": "module.iam",
      "mode": "managed",
      "type": "aws_iam_role_policy_attachment",
      "name": "ebslab_beanstalk_policy_attachment",
      "provider": "provider[\"registry.terraform.io/hashicorp/aws\"]",
      "instances": [
        {
          "schema_version": 0,
          "attributes": {
            "id": "swapapp-role-20240527154125327600000003",
            "policy_arn": "arn:aws:iam::884878220922:policy/AWSElasticBeanstalkFullAccess",
            "role": "swapapp-role"
          },
          "sensitive_attributes": [],
          "private": "bnVsbA==",
          "dependencies": [
            "module.iam.aws_iam_policy.awseb_full_access",
            "module.iam.aws_iam_role.ebslab_role"
          ]
        }
      ]
    },
    {
      "module": "module.iam",
      "mode": "managed",
      "type": "aws_iam_role_policy_attachment",
      "name": "ebslab_ec2_policy_attachment",
      "provider": "provider[\"registry.terraform.io/hashicorp/aws\"]",
      "instances": [
        {
          "schema_version": 0,
          "attributes": {
            "id": "swapapp-role-20240527154125331200000005",
            "policy_arn": "arn:aws:iam::aws:policy/AmazonEC2FullAccess",
            "role": "swapapp-role"
          },
          "sensitive_attributes": [],
          "private": "bnVsbA==",
          "dependencies": [
            "module.iam.aws_iam_role.ebslab_role"
          ]
        }
      ]
    },
    {
      "module": "module.rds",
      "mode": "managed",
      "type": "aws_db_instance",
      "name": "mysql_db",
      "provider": "provider[\"registry.terraform.io/hashicorp/aws\"]",
      "instances": [
        {
          "schema_version": 1,
          "attributes": {
            "address": "terraform-20240527154147966900000008.cl8gc6cyoexy.eu-west-1.rds.amazonaws.com",
            "allocated_storage": 10,
            "allow_major_version_upgrade": null,
            "apply_immediately": null,
            "arn": "arn:aws:rds:eu-west-1:884878220922:db:terraform-20240527154147966900000008",
            "auto_minor_version_upgrade": true,
            "availability_zone": "eu-west-1c",
            "backup_retention_period": 0,
            "backup_window": "03:23-03:53",
            "ca_cert_identifier": "rds-ca-rsa2048-g1",
            "character_set_name": "",
            "copy_tags_to_snapshot": false,
            "customer_owned_ip_enabled": false,
            "db_name": "my_application",
            "db_subnet_group_name": "ebs-lab",
            "delete_automated_backups": true,
            "deletion_protection": false,
            "domain": "",
            "domain_iam_role_name": "",
            "enabled_cloudwatch_logs_exports": [],
            "endpoint": "terraform-20240527154147966900000008.cl8gc6cyoexy.eu-west-1.rds.amazonaws.com:3306",
            "engine": "mysql",
            "engine_version": "5.7",
            "engine_version_actual": "5.7.44",
            "final_snapshot_identifier": null,
            "hosted_zone_id": "Z29XKXDKYMONMX",
            "iam_database_authentication_enabled": false,
            "id": "terraform-20240527154147966900000008",
            "identifier": "terraform-20240527154147966900000008",
            "identifier_prefix": "terraform-",
            "instance_class": "db.t3.micro",
            "iops": 0,
            "kms_key_id": "",
            "latest_restorable_time": "0001-01-01T00:00:00Z",
            "license_model": "general-public-license",
            "maintenance_window": "sat:04:05-sat:04:35",
            "max_allocated_storage": 0,
            "monitoring_interval": 0,
            "monitoring_role_arn": "",
            "multi_az": false,
            "name": "my_application",
            "nchar_character_set_name": "",
            "option_group_name": "default:mysql-5-7",
            "parameter_group_name": "default.mysql5.7",
            "password": "password",
            "performance_insights_enabled": false,
            "performance_insights_kms_key_id": "",
            "performance_insights_retention_period": 0,
            "port": 3306,
            "publicly_accessible": false,
            "replica_mode": "",
            "replicas": [],
            "replicate_source_db": "",
            "resource_id": "db-WITGBFG5YHXMCED7TKGEIBRWKA",
            "restore_to_point_in_time": [],
            "s3_import": [],
            "security_group_names": [],
            "skip_final_snapshot": true,
            "snapshot_identifier": null,
            "status": "available",
            "storage_encrypted": false,
            "storage_type": "gp2",
            "tags": {},
            "tags_all": {},
            "timeouts": null,
            "timezone": "",
            "username": "root",
            "vpc_security_group_ids": [
              "sg-0fa3c502f13073456"
            ]
          },
          "sensitive_attributes": [],
          "private": "eyJlMmJmYjczMC1lY2FhLTExZTYtOGY4OC0zNDM2M2JjN2M0YzAiOnsiY3JlYXRlIjoyNDAwMDAwMDAwMDAwLCJkZWxldGUiOjM2MDAwMDAwMDAwMDAsInVwZGF0ZSI6NDgwMDAwMDAwMDAwMH0sInNjaGVtYV92ZXJzaW9uIjoiMSJ9",
          "dependencies": [
            "module.rds.aws_db_subnet_group.db_subnet_group",
            "module.vpc.aws_security_group.ebslab_security_group",
            "module.vpc.aws_subnet.public_ebslab_subnet",
            "module.vpc.aws_vpc.ebslab_vpc",
            "module.vpc.data.aws_availability_zones.available",
            "module.vpc.random_shuffle.az_list"
          ]
        }
      ]
    },
    {
      "module": "module.rds",
      "mode": "managed",
      "type": "aws_db_subnet_group",
      "name": "db_subnet_group",
      "provider": "provider[\"registry.terraform.io/hashicorp/aws\"]",
      "instances": [
        {
          "schema_version": 0,
          "attributes": {
            "arn": "arn:aws:rds:eu-west-1:884878220922:subgrp:ebs-lab",
            "description": "Managed by Terraform",
            "id": "ebs-lab",
            "name": "ebs-lab",
            "name_prefix": null,
            "subnet_ids": [
              "subnet-0429f4d50cc765c91",
              "subnet-0930b1701133f4b16"
            ],
            "tags": {
              "Name": "MySQL DB Subnet Group"
            },
            "tags_all": {
              "Name": "MySQL DB Subnet Group"
            }
          },
          "sensitive_attributes": [],
          "private": "bnVsbA==",
          "dependencies": [
            "module.vpc.aws_subnet.public_ebslab_subnet",
            "module.vpc.aws_vpc.ebslab_vpc",
            "module.vpc.data.aws_availability_zones.available",
            "module.vpc.random_shuffle.az_list"
          ]
        }
      ]
    },
    {
      "module": "module.route53_rds_record",
      "mode": "managed",
      "type": "aws_route53_record",
      "name": "rds-ns",
      "provider": "provider[\"registry.terraform.io/hashicorp/aws\"]",
      "instances": [
        {
          "schema_version": 2,
          "attributes": {
            "alias": [],
            "allow_overwrite": null,
            "failover_routing_policy": [],
            "fqdn": "rds-dev.swapapp.net",
            "geolocation_routing_policy": [],
            "health_check_id": "",
            "id": "Z02777072VJ1ICVGPL97K_rds-dev_CNAME",
            "latency_routing_policy": [],
            "multivalue_answer_routing_policy": null,
            "name": "rds-dev",
            "records": [
              "terraform-20240527154147966900000008.cl8gc6cyoexy.eu-west-1.rds.amazonaws.com"
            ],
            "set_identifier": "",
            "ttl": 15,
            "type": "CNAME",
            "weighted_routing_policy": [],
            "zone_id": "Z02777072VJ1ICVGPL97K"
          },
          "sensitive_attributes": [],
          "private": "eyJzY2hlbWFfdmVyc2lvbiI6IjIifQ==",
          "dependencies": [
            "module.rds.aws_db_instance.mysql_db",
            "module.rds.aws_db_subnet_group.db_subnet_group",
            "module.route53_zone.aws_route53_zone.ebs-lab",
            "module.vpc.aws_security_group.ebslab_security_group",
            "module.vpc.aws_subnet.public_ebslab_subnet",
            "module.vpc.aws_vpc.ebslab_vpc",
            "module.vpc.data.aws_availability_zones.available",
            "module.vpc.random_shuffle.az_list"
          ]
        }
      ]
    },
    {
      "module": "module.route53_registered_domains",
      "mode": "managed",
      "type": "aws_route53domains_registered_domain",
      "name": "web_name_servers",
      "provider": "provider[\"registry.terraform.io/hashicorp/aws\"]",
      "instances": [
        {
          "schema_version": 0,
          "attributes": {
            "abuse_contact_email": "abuse@registrar.amazon.com",
            "abuse_contact_phone": "+1.2062661000",
            "admin_contact": [
              {
                "address_line_1": "Hazohar 4",
                "address_line_2": "",
                "city": "Petah Tiqwa",
                "contact_type": "PERSON",
                "country_code": "IL",
                "email": "davidmelamed269@gmail.com",
                "extra_params": {},
                "fax": "",
                "first_name": "David",
                "last_name": "Melamed",
                "organization_name": "",
                "phone_number": "+972.0527555492",
                "state": "",
                "zip_code": "4958069"
              }
            ],
            "admin_privacy": true,
            "auto_renew": true,
            "creation_date": "2024-05-18T11:36:24Z",
            "domain_name": "swapapp.net",
            "expiration_date": "2025-05-18T11:36:24Z",
            "id": "swapapp.net",
            "name_server": [
              {
                "glue_ips": [],
                "name": "ns-1398.awsdns-46.org"
              },
              {
                "glue_ips": [],
                "name": "ns-1978.awsdns-55.co.uk"
              },
              {
                "glue_ips": [],
                "name": "ns-364.awsdns-45.com"
              },
              {
                "glue_ips": [],
                "name": "ns-769.awsdns-32.net"
              }
            ],
            "registrant_contact": [
              {
                "address_line_1": "Hazohar 4",
                "address_line_2": "",
                "city": "Petah Tiqwa",
                "contact_type": "PERSON",
                "country_code": "IL",
                "email": "davidmelamed269@gmail.com",
                "extra_params": {},
                "fax": "",
                "first_name": "David",
                "last_name": "Melamed",
                "organization_name": "",
                "phone_number": "+972.0527555492",
                "state": "",
                "zip_code": "4958069"
              }
            ],
            "registrant_privacy": true,
            "registrar_name": "Amazon Registrar, Inc.",
            "registrar_url": "http://registrar.amazon.com",
            "reseller": "",
            "status_list": [
              "clientDeleteProhibited",
              "clientTransferProhibited",
              "addPeriod",
              "clientUpdateProhibited"
            ],
            "tags": {
              "Environment": "dev"
            },
            "tags_all": {
              "Environment": "dev"
            },
            "tech_contact": [
              {
                "address_line_1": "Hazohar 4",
                "address_line_2": "",
                "city": "Petah Tiqwa",
                "contact_type": "PERSON",
                "country_code": "IL",
                "email": "davidmelamed269@gmail.com",
                "extra_params": {},
                "fax": "",
                "first_name": "David",
                "last_name": "Melamed",
                "organization_name": "",
                "phone_number": "+972.0527555492",
                "state": "",
                "zip_code": "4958069"
              }
            ],
            "tech_privacy": true,
            "timeouts": null,
            "transfer_lock": true,
            "updated_date": "2024-05-19T09:41:39Z",
            "whois_server": "whois.registrar.amazon.com"
          },
          "sensitive_attributes": [],
          "private": "eyJlMmJmYjczMC1lY2FhLTExZTYtOGY4OC0zNDM2M2JjN2M0YzAiOnsiY3JlYXRlIjoxODAwMDAwMDAwMDAwLCJ1cGRhdGUiOjE4MDAwMDAwMDAwMDB9fQ==",
          "dependencies": [
            "module.route53_zone.aws_route53_zone.ebs-lab"
          ]
        }
      ]
    },
    {
      "module": "module.route53_zone",
      "mode": "managed",
      "type": "aws_route53_zone",
      "name": "ebs-lab",
      "provider": "provider[\"registry.terraform.io/hashicorp/aws\"]",
      "instances": [
        {
          "schema_version": 0,
          "attributes": {
            "arn": "arn:aws:route53:::hostedzone/Z02777072VJ1ICVGPL97K",
            "comment": "Managed by Terraform",
            "delegation_set_id": "",
            "force_destroy": false,
            "id": "Z02777072VJ1ICVGPL97K",
            "name": "swapapp.net",
            "name_servers": [
              "ns-1398.awsdns-46.org",
              "ns-1978.awsdns-55.co.uk",
              "ns-364.awsdns-45.com",
              "ns-769.awsdns-32.net"
            ],
            "tags": {
              "Environment": "dev"
            },
            "tags_all": {
              "Environment": "dev"
            },
            "vpc": [],
            "zone_id": "Z02777072VJ1ICVGPL97K"
          },
          "sensitive_attributes": [],
          "private": "bnVsbA=="
        }
      ]
    },
    {
      "module": "module.vpc",
      "mode": "data",
      "type": "aws_availability_zones",
      "name": "available",
      "provider": "provider[\"registry.terraform.io/hashicorp/aws\"]",
      "instances": [
        {
          "schema_version": 0,
          "attributes": {
            "all_availability_zones": null,
            "exclude_names": null,
            "exclude_zone_ids": null,
            "filter": null,
            "group_names": [
              "eu-west-1"
            ],
            "id": "eu-west-1",
            "names": [
              "eu-west-1a",
              "eu-west-1b",
              "eu-west-1c"
            ],
            "state": null,
            "zone_ids": [
              "euw1-az3",
              "euw1-az1",
              "euw1-az2"
            ]
          },
          "sensitive_attributes": []
        }
      ]
    },
    {
      "module": "module.vpc",
      "mode": "managed",
      "type": "aws_default_route_table",
      "name": "internal_ebslab_default",
      "provider": "provider[\"registry.terraform.io/hashicorp/aws\"]",
      "instances": [
        {
          "schema_version": 0,
          "attributes": {
            "arn": "arn:aws:ec2:eu-west-1:884878220922:route-table/rtb-00c162bde6450b1f7",
            "default_route_table_id": "rtb-00c162bde6450b1f7",
            "id": "rtb-00c162bde6450b1f7",
            "owner_id": "884878220922",
            "propagating_vgws": [],
            "route": [
              {
                "cidr_block": "0.0.0.0/0",
                "core_network_arn": "",
                "destination_prefix_list_id": "",
                "egress_only_gateway_id": "",
                "gateway_id": "igw-076f3293629e00e80",
                "instance_id": "",
                "ipv6_cidr_block": "",
                "nat_gateway_id": "",
                "network_interface_id": "",
                "transit_gateway_id": "",
                "vpc_endpoint_id": "",
                "vpc_peering_connection_id": ""
              }
            ],
            "tags": {
              "Name": "ebs-lab"
            },
            "tags_all": {
              "Name": "ebs-lab"
            },
            "timeouts": null,
            "vpc_id": "vpc-00d78929453c49763"
          },
          "sensitive_attributes": [],
          "private": "eyJlMmJmYjczMC1lY2FhLTExZTYtOGY4OC0zNDM2M2JjN2M0YzAiOnsiY3JlYXRlIjoxMjAwMDAwMDAwMDAsInVwZGF0ZSI6MTIwMDAwMDAwMDAwfX0=",
          "dependencies": [
            "module.vpc.aws_internet_gateway.ebslab_gw",
            "module.vpc.aws_vpc.ebslab_vpc"
          ]
        }
      ]
    },
    {
      "module": "module.vpc",
      "mode": "managed",
      "type": "aws_internet_gateway",
      "name": "ebslab_gw",
      "provider": "provider[\"registry.terraform.io/hashicorp/aws\"]",
      "instances": [
        {
          "schema_version": 0,
          "attributes": {
            "arn": "arn:aws:ec2:eu-west-1:884878220922:internet-gateway/igw-076f3293629e00e80",
            "id": "igw-076f3293629e00e80",
            "owner_id": "884878220922",
            "tags": {
              "Name": "ebs-lab"
            },
            "tags_all": {
              "Name": "ebs-lab"
            },
            "vpc_id": "vpc-00d78929453c49763"
          },
          "sensitive_attributes": [],
          "private": "bnVsbA==",
          "dependencies": [
            "module.vpc.aws_vpc.ebslab_vpc"
          ]
        }
      ]
    },
    {
      "module": "module.vpc",
      "mode": "managed",
      "type": "aws_route_table_association",
      "name": "default",
      "provider": "provider[\"registry.terraform.io/hashicorp/aws\"]",
      "instances": [
        {
          "index_key": 0,
          "schema_version": 0,
          "attributes": {
            "gateway_id": "",
            "id": "rtbassoc-032163c47a8a5c4c9",
            "route_table_id": "rtb-00c162bde6450b1f7",
            "subnet_id": "subnet-0930b1701133f4b16"
          },
          "sensitive_attributes": [],
          "private": "bnVsbA==",
          "dependencies": [
            "module.vpc.aws_default_route_table.internal_ebslab_default",
            "module.vpc.aws_internet_gateway.ebslab_gw",
            "module.vpc.aws_subnet.public_ebslab_subnet",
            "module.vpc.aws_vpc.ebslab_vpc",
            "module.vpc.data.aws_availability_zones.available",
            "module.vpc.random_shuffle.az_list"
          ]
        },
        {
          "index_key": 1,
          "schema_version": 0,
          "attributes": {
            "gateway_id": "",
            "id": "rtbassoc-07f5f59c41cf07889",
            "route_table_id": "rtb-00c162bde6450b1f7",
            "subnet_id": "subnet-0429f4d50cc765c91"
          },
          "sensitive_attributes": [],
          "private": "bnVsbA==",
          "dependencies": [
            "module.vpc.aws_default_route_table.internal_ebslab_default",
            "module.vpc.aws_internet_gateway.ebslab_gw",
            "module.vpc.aws_subnet.public_ebslab_subnet",
            "module.vpc.aws_vpc.ebslab_vpc",
            "module.vpc.data.aws_availability_zones.available",
            "module.vpc.random_shuffle.az_list"
          ]
        }
      ]
    },
    {
      "module": "module.vpc",
      "mode": "managed",
      "type": "aws_security_group",
      "name": "ebslab_security_group",
      "provider": "provider[\"registry.terraform.io/hashicorp/aws\"]",
      "instances": [
        {
          "schema_version": 1,
          "attributes": {
            "arn": "arn:aws:ec2:eu-west-1:884878220922:security-group/sg-0fa3c502f13073456",
            "description": "Security group for Elastic Beanstalk",
            "egress": [],
            "id": "sg-0fa3c502f13073456",
            "ingress": [
              {
                "cidr_blocks": [
                  "0.0.0.0/0"
                ],
                "description": "",
                "from_port": 22,
                "ipv6_cidr_blocks": [],
                "prefix_list_ids": [],
                "protocol": "tcp",
                "security_groups": [],
                "self": false,
                "to_port": 22
              },
              {
                "cidr_blocks": [
                  "0.0.0.0/0"
                ],
                "description": "",
                "from_port": 443,
                "ipv6_cidr_blocks": [],
                "prefix_list_ids": [],
                "protocol": "tcp",
                "security_groups": [],
                "self": false,
                "to_port": 443
              },
              {
                "cidr_blocks": [
                  "0.0.0.0/0"
                ],
                "description": "",
                "from_port": 80,
                "ipv6_cidr_blocks": [],
                "prefix_list_ids": [],
                "protocol": "tcp",
                "security_groups": [],
                "self": false,
                "to_port": 80
              },
              {
                "cidr_blocks": [],
                "description": "",
                "from_port": 3306,
                "ipv6_cidr_blocks": [],
                "prefix_list_ids": [],
                "protocol": "tcp",
                "security_groups": [],
                "self": true,
                "to_port": 3306
              }
            ],
            "name": "swapapp-sg",
            "name_prefix": "",
            "owner_id": "884878220922",
            "revoke_rules_on_delete": false,
            "tags": {},
            "tags_all": {},
            "timeouts": null,
            "vpc_id": "vpc-00d78929453c49763"
          },
          "sensitive_attributes": [],
          "private": "eyJlMmJmYjczMC1lY2FhLTExZTYtOGY4OC0zNDM2M2JjN2M0YzAiOnsiY3JlYXRlIjo2MDAwMDAwMDAwMDAsImRlbGV0ZSI6OTAwMDAwMDAwMDAwfSwic2NoZW1hX3ZlcnNpb24iOiIxIn0=",
          "dependencies": [
            "module.vpc.aws_vpc.ebslab_vpc"
          ]
        }
      ]
    },
    {
      "module": "module.vpc",
      "mode": "managed",
      "type": "aws_security_group_rule",
      "name": "ebslab_security_group_rule_80",
      "provider": "provider[\"registry.terraform.io/hashicorp/aws\"]",
      "instances": [
        {
          "schema_version": 2,
          "attributes": {
            "cidr_blocks": null,
            "description": null,
            "from_port": 80,
            "id": "sgrule-2888243552",
            "ipv6_cidr_blocks": null,
            "prefix_list_ids": null,
            "protocol": "tcp",
            "security_group_id": "sg-0fa3c502f13073456",
            "self": false,
            "source_security_group_id": "sg-0fa3c502f13073456",
            "to_port": 80,
            "type": "ingress"
          },
          "sensitive_attributes": [],
          "private": "eyJzY2hlbWFfdmVyc2lvbiI6IjIifQ==",
          "dependencies": [
            "module.vpc.aws_security_group.ebslab_security_group"
          ]
        }
      ]
    },
    {
      "module": "module.vpc",
      "mode": "managed",
      "type": "aws_security_group_rule",
      "name": "ebslab_security_group_rule_ssh",
      "provider": "provider[\"registry.terraform.io/hashicorp/aws\"]",
      "instances": [
        {
          "schema_version": 2,
          "attributes": {
            "cidr_blocks": [
              "0.0.0.0/0"
            ],
            "description": "",
            "from_port": 22,
            "id": "sgrule-3490149124",
            "ipv6_cidr_blocks": [],
            "prefix_list_ids": [],
            "protocol": "tcp",
            "security_group_id": "sg-0fa3c502f13073456",
            "self": false,
            "source_security_group_id": null,
            "to_port": 22,
            "type": "ingress"
          },
          "sensitive_attributes": [],
          "private": "eyJzY2hlbWFfdmVyc2lvbiI6IjIifQ==",
          "dependencies": [
            "module.vpc.aws_security_group.ebslab_security_group",
            "module.vpc.aws_vpc.ebslab_vpc"
          ]
        }
      ]
    },
    {
      "module": "module.vpc",
      "mode": "managed",
      "type": "aws_security_group_rule",
      "name": "ebslab_security_group_rule_ssl",
      "provider": "provider[\"registry.terraform.io/hashicorp/aws\"]",
      "instances": [
        {
          "schema_version": 2,
          "attributes": {
            "cidr_blocks": [
              "0.0.0.0/0"
            ],
            "description": "",
            "from_port": 443,
            "id": "sgrule-2267780681",
            "ipv6_cidr_blocks": [],
            "prefix_list_ids": [],
            "protocol": "tcp",
            "security_group_id": "sg-0fa3c502f13073456",
            "self": false,
            "source_security_group_id": null,
            "to_port": 443,
            "type": "ingress"
          },
          "sensitive_attributes": [],
          "private": "eyJzY2hlbWFfdmVyc2lvbiI6IjIifQ==",
          "dependencies": [
            "module.vpc.aws_security_group.ebslab_security_group",
            "module.vpc.aws_vpc.ebslab_vpc"
          ]
        }
      ]
    },
    {
      "module": "module.vpc",
      "mode": "managed",
      "type": "aws_security_group_rule",
      "name": "internal_mysql_communication",
      "provider": "provider[\"registry.terraform.io/hashicorp/aws\"]",
      "instances": [
        {
          "schema_version": 2,
          "attributes": {
            "cidr_blocks": [],
            "description": "",
            "from_port": 3306,
            "id": "sgrule-450968909",
            "ipv6_cidr_blocks": [],
            "prefix_list_ids": [],
            "protocol": "tcp",
            "security_group_id": "sg-0fa3c502f13073456",
            "self": false,
            "source_security_group_id": "sg-0fa3c502f13073456",
            "to_port": 3306,
            "type": "ingress"
          },
          "sensitive_attributes": [],
          "private": "eyJzY2hlbWFfdmVyc2lvbiI6IjIifQ==",
          "dependencies": [
            "module.vpc.aws_security_group.ebslab_security_group",
            "module.vpc.aws_vpc.ebslab_vpc"
          ]
        }
      ]
    },
    {
      "module": "module.vpc",
      "mode": "managed",
      "type": "aws_subnet",
      "name": "public_ebslab_subnet",
      "provider": "provider[\"registry.terraform.io/hashicorp/aws\"]",
      "instances": [
        {
          "index_key": 0,
          "schema_version": 1,
          "attributes": {
            "arn": "arn:aws:ec2:eu-west-1:884878220922:subnet/subnet-0930b1701133f4b16",
            "assign_ipv6_address_on_creation": false,
            "availability_zone": "eu-west-1c",
            "availability_zone_id": "euw1-az2",
            "cidr_block": "10.0.1.0/24",
            "customer_owned_ipv4_pool": "",
            "enable_dns64": false,
            "enable_resource_name_dns_a_record_on_launch": false,
            "enable_resource_name_dns_aaaa_record_on_launch": false,
            "id": "subnet-0930b1701133f4b16",
            "ipv6_cidr_block": "",
            "ipv6_cidr_block_association_id": "",
            "ipv6_native": false,
            "map_customer_owned_ip_on_launch": false,
            "map_public_ip_on_launch": false,
            "outpost_arn": "",
            "owner_id": "884878220922",
            "private_dns_hostname_type_on_launch": "ip-name",
            "tags": {
              "Name": "ebs-lab"
            },
            "tags_all": {
              "Name": "ebs-lab"
            },
            "timeouts": null,
            "vpc_id": "vpc-00d78929453c49763"
          },
          "sensitive_attributes": [],
          "private": "eyJlMmJmYjczMC1lY2FhLTExZTYtOGY4OC0zNDM2M2JjN2M0YzAiOnsiY3JlYXRlIjo2MDAwMDAwMDAwMDAsImRlbGV0ZSI6MTIwMDAwMDAwMDAwMH0sInNjaGVtYV92ZXJzaW9uIjoiMSJ9",
          "dependencies": [
            "module.vpc.aws_vpc.ebslab_vpc",
            "module.vpc.data.aws_availability_zones.available",
            "module.vpc.random_shuffle.az_list"
          ]
        },
        {
          "index_key": 1,
          "schema_version": 1,
          "attributes": {
            "arn": "arn:aws:ec2:eu-west-1:884878220922:subnet/subnet-0429f4d50cc765c91",
            "assign_ipv6_address_on_creation": false,
            "availability_zone": "eu-west-1b",
            "availability_zone_id": "euw1-az1",
            "cidr_block": "10.0.2.0/24",
            "customer_owned_ipv4_pool": "",
            "enable_dns64": false,
            "enable_resource_name_dns_a_record_on_launch": false,
            "enable_resource_name_dns_aaaa_record_on_launch": false,
            "id": "subnet-0429f4d50cc765c91",
            "ipv6_cidr_block": "",
            "ipv6_cidr_block_association_id": "",
            "ipv6_native": false,
            "map_customer_owned_ip_on_launch": false,
            "map_public_ip_on_launch": false,
            "outpost_arn": "",
            "owner_id": "884878220922",
            "private_dns_hostname_type_on_launch": "ip-name",
            "tags": {
              "Name": "ebs-lab"
            },
            "tags_all": {
              "Name": "ebs-lab"
            },
            "timeouts": null,
            "vpc_id": "vpc-00d78929453c49763"
          },
          "sensitive_attributes": [],
          "private": "eyJlMmJmYjczMC1lY2FhLTExZTYtOGY4OC0zNDM2M2JjN2M0YzAiOnsiY3JlYXRlIjo2MDAwMDAwMDAwMDAsImRlbGV0ZSI6MTIwMDAwMDAwMDAwMH0sInNjaGVtYV92ZXJzaW9uIjoiMSJ9",
          "dependencies": [
            "module.vpc.aws_vpc.ebslab_vpc",
            "module.vpc.data.aws_availability_zones.available",
            "module.vpc.random_shuffle.az_list"
          ]
        }
      ]
    },
    {
      "module": "module.vpc",
      "mode": "managed",
      "type": "aws_vpc",
      "name": "ebslab_vpc",
      "provider": "provider[\"registry.terraform.io/hashicorp/aws\"]",
      "instances": [
        {
          "schema_version": 1,
          "attributes": {
            "arn": "arn:aws:ec2:eu-west-1:884878220922:vpc/vpc-00d78929453c49763",
            "assign_generated_ipv6_cidr_block": false,
            "cidr_block": "10.0.0.0/16",
            "default_network_acl_id": "acl-0b6256f968142d47d",
            "default_route_table_id": "rtb-00c162bde6450b1f7",
            "default_security_group_id": "sg-000cab3e4886ac783",
            "dhcp_options_id": "dopt-034758b73da6235d6",
            "enable_classiclink": false,
            "enable_classiclink_dns_support": false,
            "enable_dns_hostnames": true,
            "enable_dns_support": true,
            "id": "vpc-00d78929453c49763",
            "instance_tenancy": "default",
            "ipv4_ipam_pool_id": null,
            "ipv4_netmask_length": null,
            "ipv6_association_id": "",
            "ipv6_cidr_block": "",
            "ipv6_cidr_block_network_border_group": "",
            "ipv6_ipam_pool_id": "",
            "ipv6_netmask_length": 0,
            "main_route_table_id": "rtb-00c162bde6450b1f7",
            "owner_id": "884878220922",
            "tags": {
              "Name": "ebs-lab"
            },
            "tags_all": {
              "Name": "ebs-lab"
            }
          },
          "sensitive_attributes": [],
          "private": "eyJzY2hlbWFfdmVyc2lvbiI6IjEifQ=="
        }
      ]
    },
    {
      "module": "module.vpc",
      "mode": "managed",
      "type": "random_shuffle",
      "name": "az_list",
      "provider": "provider[\"registry.terraform.io/hashicorp/random\"]",
      "instances": [
        {
          "schema_version": 0,
          "attributes": {
            "id": "-",
            "input": [
              "eu-west-1a",
              "eu-west-1b",
              "eu-west-1c"
            ],
            "keepers": null,
            "result": [
              "eu-west-1c",
              "eu-west-1b"
            ],
            "result_count": 2,
            "seed": null
          },
          "sensitive_attributes": [],
          "private": "bnVsbA==",
          "dependencies": [
            "module.vpc.data.aws_availability_zones.available"
          ]
        }
      ]
    }
  ]
}
