{
  "version": 4,
  "terraform_version": "1.2.9",
  "serial": 15,
  "lineage": "4ae82775-314d-4fd6-a1e5-428645d6ef92",
  "outputs": {},
  "resources": [
    {
      "mode": "managed",
      "type": "random_string",
      "name": "suffix",
      "provider": "provider[\"registry.terraform.io/hashicorp/random\"]",
      "instances": [
        {
          "schema_version": 1,
          "attributes": {
            "id": "6zmg",
            "keepers": null,
            "length": 4,
            "lower": true,
            "min_lower": 0,
            "min_numeric": 0,
            "min_special": 0,
            "min_upper": 0,
            "number": true,
            "override_special": null,
            "result": "6zmg",
            "special": false,
            "upper": true
          },
          "sensitive_attributes": [],
          "private": "eyJzY2hlbWFfdmVyc2lvbiI6IjEifQ=="
        }
      ]
    },
    {
      "module": "module.beanstalk",
      "mode": "managed",
      "type": "aws_elastic_beanstalk_application",
      "name": "ebslab_app",
      "provider": "provider[\"registry.terraform.io/hashicorp/aws\"]",
      "instances": [
        {
          "schema_version": 0,
          "attributes": {
            "appversion_lifecycle": [],
            "arn": "arn:aws:elasticbeanstalk:eu-west-1:884878220922:application/swap-webapp-dev",
            "description": "Python Web App Application using Django Framework",
            "id": "swap-webapp-dev",
            "name": "swap-webapp-dev",
            "tags": {},
            "tags_all": {}
          },
          "sensitive_attributes": [],
          "private": "bnVsbA=="
        }
      ]
    },
    {
      "module": "module.beanstalk",
      "mode": "managed",
      "type": "aws_elastic_beanstalk_environment",
      "name": "ebslab_env",
      "provider": "provider[\"registry.terraform.io/hashicorp/aws\"]",
      "instances": [
        {
          "status": "tainted",
          "schema_version": 1,
          "attributes": {
            "all_settings": [],
            "application": "swap-webapp-dev",
            "arn": null,
            "autoscaling_groups": null,
            "cname": null,
            "cname_prefix": null,
            "description": null,
            "endpoint_url": null,
            "id": "e-5mmupsibrp",
            "instances": null,
            "launch_configurations": null,
            "load_balancers": null,
            "name": "swap-webapp-dev-dev",
            "platform_arn": null,
            "poll_interval": null,
            "queues": null,
            "setting": [
              {
                "name": "EnvironmentType",
                "namespace": "aws:elasticbeanstalk:environment",
                "resource": "",
                "value": "SingleInstance"
              },
              {
                "name": "InstanceTypes",
                "namespace": "aws:ec2:instances",
                "resource": "",
                "value": "t2.micro"
              },
              {
                "name": "ServiceRole",
                "namespace": "aws:elasticbeanstalk:environment",
                "resource": "",
                "value": "arn:aws:iam::884878220922:role/ebslab-role"
              },
              {
                "name": "Subnets",
                "namespace": "aws:ec2:vpc",
                "resource": "",
                "value": "subnet-0d2e06690d50d789a,subnet-0e50ad08400ed46d1"
              },
              {
                "name": "VPCId",
                "namespace": "aws:ec2:vpc",
                "resource": "",
                "value": "vpc-032643f29b357c901"
              }
            ],
            "solution_stack_name": "64bit Amazon Linux 2023 v4.2.1 running Docker",
            "tags": null,
            "tags_all": null,
            "template_name": null,
            "tier": "WebServer",
            "triggers": null,
            "version_label": null,
            "wait_for_ready_timeout": "20m"
          },
          "sensitive_attributes": [],
          "private": "eyJzY2hlbWFfdmVyc2lvbiI6IjEifQ==",
          "dependencies": [
            "module.beanstalk.aws_elastic_beanstalk_application.ebslab_app",
            "module.ebs_role.aws_iam_role.ebslab_role",
            "module.vpc.aws_subnet.public_ebslab_subnet",
            "module.vpc.aws_vpc.ebslab_vpc"
          ]
        }
      ]
    },
    {
      "module": "module.ebs_role",
      "mode": "managed",
      "type": "aws_iam_role",
      "name": "ebslab_role",
      "provider": "provider[\"registry.terraform.io/hashicorp/aws\"]",
      "instances": [
        {
          "schema_version": 0,
          "attributes": {
            "arn": "arn:aws:iam::884878220922:role/ebslab-role",
            "assume_role_policy": "{\"Version\":\"2012-10-17\",\"Statement\":[{\"Effect\":\"Allow\",\"Principal\":{\"Service\":\"elasticbeanstalk.amazonaws.com\"},\"Action\":\"sts:AssumeRole\"}]}",
            "create_date": "2024-02-21T14:19:08Z",
            "description": "",
            "force_detach_policies": false,
            "id": "ebslab-role",
            "inline_policy": [
              {
                "name": "",
                "policy": ""
              }
            ],
            "managed_policy_arns": [],
            "max_session_duration": 3600,
            "name": "ebslab-role",
            "name_prefix": "",
            "path": "/",
            "permissions_boundary": null,
            "tags": {},
            "tags_all": {},
            "unique_id": "AROA44BW2DZ5NIWUPENTO"
          },
          "sensitive_attributes": [],
          "private": "bnVsbA=="
        }
      ]
    },
    {
      "module": "module.vpc",
      "mode": "data",
      "type": "aws_availability_zones",
      "name": "available",
      "provider": "provider[\"registry.terraform.io/hashicorp/aws\"]",
      "instances": [
        {
          "schema_version": 0,
          "attributes": {
            "all_availability_zones": null,
            "exclude_names": null,
            "exclude_zone_ids": null,
            "filter": null,
            "group_names": [
              "eu-west-1"
            ],
            "id": "eu-west-1",
            "names": [
              "eu-west-1a",
              "eu-west-1b",
              "eu-west-1c"
            ],
            "state": null,
            "zone_ids": [
              "euw1-az3",
              "euw1-az1",
              "euw1-az2"
            ]
          },
          "sensitive_attributes": []
        }
      ]
    },
    {
      "module": "module.vpc",
      "mode": "managed",
      "type": "aws_default_route_table",
      "name": "internal_ebslab_default",
      "provider": "provider[\"registry.terraform.io/hashicorp/aws\"]",
      "instances": [
        {
          "schema_version": 0,
          "attributes": {
            "arn": "arn:aws:ec2:eu-west-1:884878220922:route-table/rtb-068483b608bf7aed5",
            "default_route_table_id": "rtb-068483b608bf7aed5",
            "id": "rtb-068483b608bf7aed5",
            "owner_id": "884878220922",
            "propagating_vgws": [],
            "route": [
              {
                "cidr_block": "0.0.0.0/0",
                "core_network_arn": "",
                "destination_prefix_list_id": "",
                "egress_only_gateway_id": "",
                "gateway_id": "igw-0b8d8c23a1310d13b",
                "instance_id": "",
                "ipv6_cidr_block": "",
                "nat_gateway_id": "",
                "network_interface_id": "",
                "transit_gateway_id": "",
                "vpc_endpoint_id": "",
                "vpc_peering_connection_id": ""
              }
            ],
            "tags": {
              "Name": "ebs-lab"
            },
            "tags_all": {
              "Name": "ebs-lab"
            },
            "timeouts": null,
            "vpc_id": "vpc-032643f29b357c901"
          },
          "sensitive_attributes": [],
          "private": "eyJlMmJmYjczMC1lY2FhLTExZTYtOGY4OC0zNDM2M2JjN2M0YzAiOnsiY3JlYXRlIjoxMjAwMDAwMDAwMDAsInVwZGF0ZSI6MTIwMDAwMDAwMDAwfX0=",
          "dependencies": [
            "module.vpc.aws_internet_gateway.ebslab_gw",
            "module.vpc.aws_vpc.ebslab_vpc"
          ]
        }
      ]
    },
    {
      "module": "module.vpc",
      "mode": "managed",
      "type": "aws_internet_gateway",
      "name": "ebslab_gw",
      "provider": "provider[\"registry.terraform.io/hashicorp/aws\"]",
      "instances": [
        {
          "schema_version": 0,
          "attributes": {
            "arn": "arn:aws:ec2:eu-west-1:884878220922:internet-gateway/igw-0b8d8c23a1310d13b",
            "id": "igw-0b8d8c23a1310d13b",
            "owner_id": "884878220922",
            "tags": {
              "Name": "ebs-lab"
            },
            "tags_all": {
              "Name": "ebs-lab"
            },
            "vpc_id": "vpc-032643f29b357c901"
          },
          "sensitive_attributes": [],
          "private": "bnVsbA==",
          "dependencies": [
            "module.vpc.aws_vpc.ebslab_vpc"
          ]
        }
      ]
    },
    {
      "module": "module.vpc",
      "mode": "managed",
      "type": "aws_route_table_association",
      "name": "default",
      "provider": "provider[\"registry.terraform.io/hashicorp/aws\"]",
      "instances": [
        {
          "index_key": 0,
          "schema_version": 0,
          "attributes": {
            "gateway_id": "",
            "id": "rtbassoc-03a4478c0aa77db7e",
            "route_table_id": "rtb-068483b608bf7aed5",
            "subnet_id": "subnet-0d2e06690d50d789a"
          },
          "sensitive_attributes": [],
          "private": "bnVsbA==",
          "dependencies": [
            "module.vpc.aws_default_route_table.internal_ebslab_default",
            "module.vpc.aws_internet_gateway.ebslab_gw",
            "module.vpc.aws_subnet.public_ebslab_subnet",
            "module.vpc.aws_vpc.ebslab_vpc",
            "module.vpc.data.aws_availability_zones.available",
            "module.vpc.random_shuffle.az_list"
          ]
        },
        {
          "index_key": 1,
          "schema_version": 0,
          "attributes": {
            "gateway_id": "",
            "id": "rtbassoc-0dc181678d104735b",
            "route_table_id": "rtb-068483b608bf7aed5",
            "subnet_id": "subnet-0e50ad08400ed46d1"
          },
          "sensitive_attributes": [],
          "private": "bnVsbA==",
          "dependencies": [
            "module.vpc.aws_default_route_table.internal_ebslab_default",
            "module.vpc.aws_internet_gateway.ebslab_gw",
            "module.vpc.aws_subnet.public_ebslab_subnet",
            "module.vpc.aws_vpc.ebslab_vpc",
            "module.vpc.data.aws_availability_zones.available",
            "module.vpc.random_shuffle.az_list"
          ]
        }
      ]
    },
    {
      "module": "module.vpc",
      "mode": "managed",
      "type": "aws_subnet",
      "name": "public_ebslab_subnet",
      "provider": "provider[\"registry.terraform.io/hashicorp/aws\"]",
      "instances": [
        {
          "index_key": 0,
          "schema_version": 1,
          "attributes": {
            "arn": "arn:aws:ec2:eu-west-1:884878220922:subnet/subnet-0d2e06690d50d789a",
            "assign_ipv6_address_on_creation": false,
            "availability_zone": "eu-west-1b",
            "availability_zone_id": "euw1-az1",
            "cidr_block": "10.0.1.0/24",
            "customer_owned_ipv4_pool": "",
            "enable_dns64": false,
            "enable_resource_name_dns_a_record_on_launch": false,
            "enable_resource_name_dns_aaaa_record_on_launch": false,
            "id": "subnet-0d2e06690d50d789a",
            "ipv6_cidr_block": "",
            "ipv6_cidr_block_association_id": "",
            "ipv6_native": false,
            "map_customer_owned_ip_on_launch": false,
            "map_public_ip_on_launch": true,
            "outpost_arn": "",
            "owner_id": "884878220922",
            "private_dns_hostname_type_on_launch": "ip-name",
            "tags": {
              "Name": "ebs-lab"
            },
            "tags_all": {
              "Name": "ebs-lab"
            },
            "timeouts": null,
            "vpc_id": "vpc-032643f29b357c901"
          },
          "sensitive_attributes": [],
          "private": "eyJlMmJmYjczMC1lY2FhLTExZTYtOGY4OC0zNDM2M2JjN2M0YzAiOnsiY3JlYXRlIjo2MDAwMDAwMDAwMDAsImRlbGV0ZSI6MTIwMDAwMDAwMDAwMH0sInNjaGVtYV92ZXJzaW9uIjoiMSJ9",
          "dependencies": [
            "module.vpc.aws_vpc.ebslab_vpc",
            "module.vpc.data.aws_availability_zones.available",
            "module.vpc.random_shuffle.az_list"
          ]
        },
        {
          "index_key": 1,
          "schema_version": 1,
          "attributes": {
            "arn": "arn:aws:ec2:eu-west-1:884878220922:subnet/subnet-0e50ad08400ed46d1",
            "assign_ipv6_address_on_creation": false,
            "availability_zone": "eu-west-1c",
            "availability_zone_id": "euw1-az2",
            "cidr_block": "10.0.2.0/24",
            "customer_owned_ipv4_pool": "",
            "enable_dns64": false,
            "enable_resource_name_dns_a_record_on_launch": false,
            "enable_resource_name_dns_aaaa_record_on_launch": false,
            "id": "subnet-0e50ad08400ed46d1",
            "ipv6_cidr_block": "",
            "ipv6_cidr_block_association_id": "",
            "ipv6_native": false,
            "map_customer_owned_ip_on_launch": false,
            "map_public_ip_on_launch": true,
            "outpost_arn": "",
            "owner_id": "884878220922",
            "private_dns_hostname_type_on_launch": "ip-name",
            "tags": {
              "Name": "ebs-lab"
            },
            "tags_all": {
              "Name": "ebs-lab"
            },
            "timeouts": null,
            "vpc_id": "vpc-032643f29b357c901"
          },
          "sensitive_attributes": [],
          "private": "eyJlMmJmYjczMC1lY2FhLTExZTYtOGY4OC0zNDM2M2JjN2M0YzAiOnsiY3JlYXRlIjo2MDAwMDAwMDAwMDAsImRlbGV0ZSI6MTIwMDAwMDAwMDAwMH0sInNjaGVtYV92ZXJzaW9uIjoiMSJ9",
          "dependencies": [
            "module.vpc.aws_vpc.ebslab_vpc",
            "module.vpc.data.aws_availability_zones.available",
            "module.vpc.random_shuffle.az_list"
          ]
        }
      ]
    },
    {
      "module": "module.vpc",
      "mode": "managed",
      "type": "aws_vpc",
      "name": "ebslab_vpc",
      "provider": "provider[\"registry.terraform.io/hashicorp/aws\"]",
      "instances": [
        {
          "schema_version": 1,
          "attributes": {
            "arn": "arn:aws:ec2:eu-west-1:884878220922:vpc/vpc-032643f29b357c901",
            "assign_generated_ipv6_cidr_block": false,
            "cidr_block": "10.0.0.0/16",
            "default_network_acl_id": "acl-019ad12f0d5f9d1e0",
            "default_route_table_id": "rtb-068483b608bf7aed5",
            "default_security_group_id": "sg-0589622ecd3ead668",
            "dhcp_options_id": "dopt-034758b73da6235d6",
            "enable_classiclink": false,
            "enable_classiclink_dns_support": false,
            "enable_dns_hostnames": false,
            "enable_dns_support": true,
            "id": "vpc-032643f29b357c901",
            "instance_tenancy": "default",
            "ipv4_ipam_pool_id": null,
            "ipv4_netmask_length": null,
            "ipv6_association_id": "",
            "ipv6_cidr_block": "",
            "ipv6_cidr_block_network_border_group": "",
            "ipv6_ipam_pool_id": "",
            "ipv6_netmask_length": 0,
            "main_route_table_id": "rtb-068483b608bf7aed5",
            "owner_id": "884878220922",
            "tags": {
              "Name": "ebs-lab"
            },
            "tags_all": {
              "Name": "ebs-lab"
            }
          },
          "sensitive_attributes": [],
          "private": "eyJzY2hlbWFfdmVyc2lvbiI6IjEifQ=="
        }
      ]
    },
    {
      "module": "module.vpc",
      "mode": "managed",
      "type": "random_shuffle",
      "name": "az_list",
      "provider": "provider[\"registry.terraform.io/hashicorp/random\"]",
      "instances": [
        {
          "schema_version": 0,
          "attributes": {
            "id": "-",
            "input": [
              "eu-west-1a",
              "eu-west-1b",
              "eu-west-1c"
            ],
            "keepers": null,
            "result": [
              "eu-west-1b",
              "eu-west-1c"
            ],
            "result_count": 2,
            "seed": null
          },
          "sensitive_attributes": [],
          "private": "bnVsbA==",
          "dependencies": [
            "module.vpc.data.aws_availability_zones.available"
          ]
        }
      ]
    }
  ]
}
